
Microsoft Visual Studio Solution File, Format Version 12.00
# Visual Studio 15
VisualStudioVersion = 15.0.28307.136
MinimumVisualStudioVersion = 10.0.40219.1
Project("{8BC9CEB8-8B4A-11D0-8D11-00A0C91BC942}") = "Project1", "Project1.vcxproj", "{CAB58EC8-352A-4512-B25A-EBC5F74C7476}"
EndProject
Global
	GlobalSection(SolutionConfigurationPlatforms) = preSolution
		Debug|x64 = Debug|x64
		Debug|x86 = Debug|x86
		Release|x64 = Release|x64
		Release|x86 = Release|x86
	EndGlobalSection
	GlobalSection(ProjectConfigurationPlatforms) = postSolution
		{CAB58EC8-352A-4512-B25A-EBC5F74C7476}.Debug|x64.ActiveCfg = Debug|x64
		{CAB58EC8-352A-4512-B25A-EBC5F74C7476}.Debug|x64.Build.0 = Debug|x64
		{CAB58EC8-352A-4512-B25A-EBC5F74C7476}.Debug|x86.ActiveCfg = Debug|Win32
		{CAB58EC8-352A-4512-B25A-EBC5F74C7476}.Debug|x86.Build.0 = Debug|Win32
		{CAB58EC8-352A-4512-B25A-EBC5F74C7476}.Release|x64.ActiveCfg = Release|x64
		{CAB58EC8-352A-4512-B25A-EBC5F74C7476}.Release|x64.Build.0 = Release|x64
		{CAB58EC8-352A-4512-B25A-EBC5F74C7476}.Release|x86.ActiveCfg = Release|Win32
		{CAB58EC8-352A-4512-B25A-EBC5F74C7476}.Release|x86.Build.0 = Release|Win32
	EndGlobalSection
	GlobalSection(SolutionProperties) = preSolution
		HideSolutionNode = FALSE
	EndGlobalSection
	GlobalSection(ExtensibilityGlobals) = postSolution
		SolutionGuid = {26DDC7A2-968E-46EB-B223-59D26DF73671}
	EndGlobalSection
EndGlobal
